// !$*UTF8*$!
{
	archiveVersion = 1;
	classes = {
	};
	objectVersion = 56;
	objects = {

/* Begin PBXBuildFile section */
		D7CC15C12AB9DB3500714E9B /* AppDelegate.swift in Sources */ = {isa = PBXBuildFile; fileRef = D7CC15C02AB9DB3500714E9B /* AppDelegate.swift */; };
		D7CC15C32AB9DB3500714E9B /* SceneDelegate.swift in Sources */ = {isa = PBXBuildFile; fileRef = D7CC15C22AB9DB3500714E9B /* SceneDelegate.swift */; };
		D7CC15C52AB9DB3500714E9B /* ViewController.swift in Sources */ = {isa = PBXBuildFile; fileRef = D7CC15C42AB9DB3500714E9B /* ViewController.swift */; };
		D7CC15C82AB9DB3500714E9B /* Main.storyboard in Resources */ = {isa = PBXBuildFile; fileRef = D7CC15C62AB9DB3500714E9B /* Main.storyboard */; };
		D7CC15CA2AB9DB3500714E9B /* Assets.xcassets in Resources */ = {isa = PBXBuildFile; fileRef = D7CC15C92AB9DB3500714E9B /* Assets.xcassets */; };
		D7CC15CD2AB9DB3500714E9B /* LaunchScreen.storyboard in Resources */ = {isa = PBXBuildFile; fileRef = D7CC15CB2AB9DB3500714E9B /* LaunchScreen.storyboard */; };
		D7CC15D82AB9DB3500714E9B /* CountMateTests.swift in Sources */ = {isa = PBXBuildFile; fileRef = D7CC15D72AB9DB3500714E9B /* CountMateTests.swift */; };
		D7CC15E22AB9DB3500714E9B /* CountMateUITests.swift in Sources */ = {isa = PBXBuildFile; fileRef = D7CC15E12AB9DB3500714E9B /* CountMateUITests.swift */; };
		D7CC15E42AB9DB3500714E9B /* CountMateUITestsLaunchTests.swift in Sources */ = {isa = PBXBuildFile; fileRef = D7CC15E32AB9DB3500714E9B /* CountMateUITestsLaunchTests.swift */; };
/* End PBXBuildFile section */

/* Begin PBXContainerItemProxy section */
		D7CC15D42AB9DB3500714E9B /* PBXContainerItemProxy */ = {
			isa = PBXContainerItemProxy;
			containerPortal = D7CC15B52AB9DB3500714E9B /* Project object */;
			proxyType = 1;
			remoteGlobalIDString = D7CC15BC2AB9DB3500714E9B;
			remoteInfo = CountMate;
		};
		D7CC15DE2AB9DB3500714E9B /* PBXContainerItemProxy */ = {
			isa = PBXContainerItemProxy;
			containerPortal = D7CC15B52AB9DB3500714E9B /* Project object */;
			proxyType = 1;
			remoteGlobalIDString = D7CC15BC2AB9DB3500714E9B;
			remoteInfo = CountMate;
		};
/* End PBXContainerItemProxy section */

/* Begin PBXFileReference section */
		D7CC15BD2AB9DB3500714E9B /* CountMate.app */ = {isa = PBXFileReference; explicitFileType = wrapper.application; includeInIndex = 0; path = CountMate.app; sourceTree = BUILT_PRODUCTS_DIR; };
		D7CC15C02AB9DB3500714E9B /* AppDelegate.swift */ = {isa = PBXFileReference; lastKnownFileType = sourcecode.swift; path = AppDelegate.swift; sourceTree = "<group>"; };
		D7CC15C22AB9DB3500714E9B /* SceneDelegate.swift */ = {isa = PBXFileReference; lastKnownFileType = sourcecode.swift; path = SceneDelegate.swift; sourceTree = "<group>"; };
		D7CC15C42AB9DB3500714E9B /* ViewController.swift */ = {isa = PBXFileReference; lastKnownFileType = sourcecode.swift; path = ViewController.swift; sourceTree = "<group>"; };
		D7CC15C72AB9DB3500714E9B /* Base */ = {isa = PBXFileReference; lastKnownFileType = file.storyboard; name = Base; path = Base.lproj/Main.storyboard; sourceTree = "<group>"; };
		D7CC15C92AB9DB3500714E9B /* Assets.xcassets */ = {isa = PBXFileReference; lastKnownFileType = folder.assetcatalog; path = Assets.xcassets; sourceTree = "<group>"; };
		D7CC15CC2AB9DB3500714E9B /* Base */ = {isa = PBXFileReference; lastKnownFileType = file.storyboard; name = Base; path = Base.lproj/LaunchScreen.storyboard; sourceTree = "<group>"; };
		D7CC15CE2AB9DB3500714E9B /* Info.plist */ = {isa = PBXFileReference; lastKnownFileType = text.plist.xml; path = Info.plist; sourceTree = "<group>"; };
		D7CC15D32AB9DB3500714E9B /* CountMateTests.xctest */ = {isa = PBXFileReference; explicitFileType = wrapper.cfbundle; includeInIndex = 0; path = CountMateTests.xctest; sourceTree = BUILT_PRODUCTS_DIR; };
		D7CC15D72AB9DB3500714E9B /* CountMateTests.swift */ = {isa = PBXFileReference; lastKnownFileType = sourcecode.swift; path = CountMateTests.swift; sourceTree = "<group>"; };
		D7CC15DD2AB9DB3500714E9B /* CountMateUITests.xctest */ = {isa = PBXFileReference; explicitFileType = wrapper.cfbundle; includeInIndex = 0; path = CountMateUITests.xctest; sourceTree = BUILT_PRODUCTS_DIR; };
		D7CC15E12AB9DB3500714E9B /* CountMateUITests.swift */ = {isa = PBXFileReference; lastKnownFileType = sourcecode.swift; path = CountMateUITests.swift; sourceTree = "<group>"; };
		D7CC15E32AB9DB3500714E9B /* CountMateUITestsLaunchTests.swift */ = {isa = PBXFileReference; lastKnownFileType = sourcecode.swift; path = CountMateUITestsLaunchTests.swift; sourceTree = "<group>"; };
/* End PBXFileReference section */

/* Begin PBXFrameworksBuildPhase section */
		D7CC15BA2AB9DB3500714E9B /* Frameworks */ = {
			isa = PBXFrameworksBuildPhase;
			buildActionMask = 2147483647;
			files = (
			);
			runOnlyForDeploymentPostprocessing = 0;
		};
		D7CC15D02AB9DB3500714E9B /* Frameworks */ = {
			isa = PBXFrameworksBuildPhase;
			buildActionMask = 2147483647;
			files = (
			);
			runOnlyForDeploymentPostprocessing = 0;
		};
		D7CC15DA2AB9DB3500714E9B /* Frameworks */ = {
			isa = PBXFrameworksBuildPhase;
			buildActionMask = 2147483647;
			files = (
			);
			runOnlyForDeploymentPostprocessing = 0;
		};
/* End PBXFrameworksBuildPhase section */

/* Begin PBXGroup section */
		D7CC15B42AB9DB3500714E9B = {
			isa = PBXGroup;
			children = (
				D7CC15BF2AB9DB3500714E9B /* CountMate */,
				D7CC15D62AB9DB3500714E9B /* CountMateTests */,
				D7CC15E02AB9DB3500714E9B /* CountMateUITests */,
				D7CC15BE2AB9DB3500714E9B /* Products */,
			);
			sourceTree = "<group>";
		};
		D7CC15BE2AB9DB3500714E9B /* Products */ = {
			isa = PBXGroup;
			children = (
				D7CC15BD2AB9DB3500714E9B /* CountMate.app */,
				D7CC15D32AB9DB3500714E9B /* CountMateTests.xctest */,
				D7CC15DD2AB9DB3500714E9B /* CountMateUITests.xctest */,
			);
			name = Products;
			sourceTree = "<group>";
		};
		D7CC15BF2AB9DB3500714E9B /* CountMate */ = {
			isa = PBXGroup;
			children = (
				D7CC15C02AB9DB3500714E9B /* AppDelegate.swift */,
				D7CC15C22AB9DB3500714E9B /* SceneDelegate.swift */,
				D7CC15C42AB9DB3500714E9B /* ViewController.swift */,
				D7CC15C62AB9DB3500714E9B /* Main.storyboard */,
				D7CC15C92AB9DB3500714E9B /* Assets.xcassets */,
				D7CC15CB2AB9DB3500714E9B /* LaunchScreen.storyboard */,
				D7CC15CE2AB9DB3500714E9B /* Info.plist */,
			);
			path = CountMate;
			sourceTree = "<group>";
		};
		D7CC15D62AB9DB3500714E9B /* CountMateTests */ = {
			isa = PBXGroup;
			children = (
				D7CC15D72AB9DB3500714E9B /* CountMateTests.swift */,
			);
			path = CountMateTests;
			sourceTree = "<group>";
		};
		D7CC15E02AB9DB3500714E9B /* CountMateUITests */ = {
			isa = PBXGroup;
			children = (
				D7CC15E12AB9DB3500714E9B /* CountMateUITests.swift */,
				D7CC15E32AB9DB3500714E9B /* CountMateUITestsLaunchTests.swift */,
			);
			path = CountMateUITests;
			sourceTree = "<group>";
		};
/* End PBXGroup section */

/* Begin PBXNativeTarget section */
		D7CC15BC2AB9DB3500714E9B /* CountMate */ = {
			isa = PBXNativeTarget;
			buildConfigurationList = D7CC15E72AB9DB3500714E9B /* Build configuration list for PBXNativeTarget "CountMate" */;
			buildPhases = (
				D7CC15B92AB9DB3500714E9B /* Sources */,
				D7CC15BA2AB9DB3500714E9B /* Frameworks */,
				D7CC15BB2AB9DB3500714E9B /* Resources */,
			);
			buildRules = (
			);
			dependencies = (
			);
			name = CountMate;
			productName = CountMate;
			productReference = D7CC15BD2AB9DB3500714E9B /* CountMate.app */;
			productType = "com.apple.product-type.application";
		};
		D7CC15D22AB9DB3500714E9B /* CountMateTests */ = {
			isa = PBXNativeTarget;
			buildConfigurationList = D7CC15EA2AB9DB3500714E9B /* Build configuration list for PBXNativeTarget "CountMateTests" */;
			buildPhases = (
				D7CC15CF2AB9DB3500714E9B /* Sources */,
				D7CC15D02AB9DB3500714E9B /* Frameworks */,
				D7CC15D12AB9DB3500714E9B /* Resources */,
			);
			buildRules = (
			);
			dependencies = (
				D7CC15D52AB9DB3500714E9B /* PBXTargetDependency */,
			);
			name = CountMateTests;
			productName = CountMateTests;
			productReference = D7CC15D32AB9DB3500714E9B /* CountMateTests.xctest */;
			productType = "com.apple.product-type.bundle.unit-test";
		};
		D7CC15DC2AB9DB3500714E9B /* CountMateUITests */ = {
			isa = PBXNativeTarget;
			buildConfigurationList = D7CC15ED2AB9DB3500714E9B /* Build configuration list for PBXNativeTarget "CountMateUITests" */;
			buildPhases = (
				D7CC15D92AB9DB3500714E9B /* Sources */,
				D7CC15DA2AB9DB3500714E9B /* Frameworks */,
				D7CC15DB2AB9DB3500714E9B /* Resources */,
			);
			buildRules = (
			);
			dependencies = (
				D7CC15DF2AB9DB3500714E9B /* PBXTargetDependency */,
			);
			name = CountMateUITests;
			productName = CountMateUITests;
			productReference = D7CC15DD2AB9DB3500714E9B /* CountMateUITests.xctest */;
			productType = "com.apple.product-type.bundle.ui-testing";
		};
/* End PBXNativeTarget section */

/* Begin PBXProject section */
		D7CC15B52AB9DB3500714E9B /* Project object */ = {
			isa = PBXProject;
			attributes = {
				BuildIndependentTargetsInParallel = 1;
				LastSwiftUpdateCheck = 1420;
				LastUpgradeCheck = 1420;
				TargetAttributes = {
					D7CC15BC2AB9DB3500714E9B = {
						CreatedOnToolsVersion = 14.2;
					};
					D7CC15D22AB9DB3500714E9B = {
						CreatedOnToolsVersion = 14.2;
						TestTargetID = D7CC15BC2AB9DB3500714E9B;
					};
					D7CC15DC2AB9DB3500714E9B = {
						CreatedOnToolsVersion = 14.2;
						TestTargetID = D7CC15BC2AB9DB3500714E9B;
					};
				};
			};
			buildConfigurationList = D7CC15B82AB9DB3500714E9B /* Build configuration list for PBXProject "CountMate" */;
			compatibilityVersion = "Xcode 14.0";
			developmentRegion = en;
			hasScannedForEncodings = 0;
			knownRegions = (
				en,
				Base,
			);
			mainGroup = D7CC15B42AB9DB3500714E9B;
			productRefGroup = D7CC15BE2AB9DB3500714E9B /* Products */;
			projectDirPath = "";
			projectRoot = "";
			targets = (
				D7CC15BC2AB9DB3500714E9B /* CountMate */,
				D7CC15D22AB9DB3500714E9B /* CountMateTests */,
				D7CC15DC2AB9DB3500714E9B /* CountMateUITests */,
			);
		};
/* End PBXProject section */

/* Begin PBXResourcesBuildPhase section */
		D7CC15BB2AB9DB3500714E9B /* Resources */ = {
			isa = PBXResourcesBuildPhase;
			buildActionMask = 2147483647;
			files = (
				D7CC15CD2AB9DB3500714E9B /* LaunchScreen.storyboard in Resources */,
				D7CC15CA2AB9DB3500714E9B /* Assets.xcassets in Resources */,
				D7CC15C82AB9DB3500714E9B /* Main.storyboard in Resources */,
			);
			runOnlyForDeploymentPostprocessing = 0;
		};
		D7CC15D12AB9DB3500714E9B /* Resources */ = {
			isa = PBXResourcesBuildPhase;
			buildActionMask = 2147483647;
			files = (
			);
			runOnlyForDeploymentPostprocessing = 0;
		};
		D7CC15DB2AB9DB3500714E9B /* Resources */ = {
			isa = PBXResourcesBuildPhase;
			buildActionMask = 2147483647;
			files = (
			);
			runOnlyForDeploymentPostprocessing = 0;
		};
/* End PBXResourcesBuildPhase section */

/* Begin PBXSourcesBuildPhase section */
		D7CC15B92AB9DB3500714E9B /* Sources */ = {
			isa = PBXSourcesBuildPhase;
			buildActionMask = 2147483647;
			files = (
				D7CC15C52AB9DB3500714E9B /* ViewController.swift in Sources */,
				D7CC15C12AB9DB3500714E9B /* AppDelegate.swift in Sources */,
				D7CC15C32AB9DB3500714E9B /* SceneDelegate.swift in Sources */,
			);
			runOnlyForDeploymentPostprocessing = 0;
		};
		D7CC15CF2AB9DB3500714E9B /* Sources */ = {
			isa = PBXSourcesBuildPhase;
			buildActionMask = 2147483647;
			files = (
				D7CC15D82AB9DB3500714E9B /* CountMateTests.swift in Sources */,
			);
			runOnlyForDeploymentPostprocessing = 0;
		};
		D7CC15D92AB9DB3500714E9B /* Sources */ = {
			isa = PBXSourcesBuildPhase;
			buildActionMask = 2147483647;
			files = (
				D7CC15E22AB9DB3500714E9B /* CountMateUITests.swift in Sources */,
				D7CC15E42AB9DB3500714E9B /* CountMateUITestsLaunchTests.swift in Sources */,
			);
			runOnlyForDeploymentPostprocessing = 0;
		};
/* End PBXSourcesBuildPhase section */

/* Begin PBXTargetDependency section */
		D7CC15D52AB9DB3500714E9B /* PBXTargetDependency */ = {
			isa = PBXTargetDependency;
			target = D7CC15BC2AB9DB3500714E9B /* CountMate */;
			targetProxy = D7CC15D42AB9DB3500714E9B /* PBXContainerItemProxy */;
		};
		D7CC15DF2AB9DB3500714E9B /* PBXTargetDependency */ = {
			isa = PBXTargetDependency;
			target = D7CC15BC2AB9DB3500714E9B /* CountMate */;
			targetProxy = D7CC15DE2AB9DB3500714E9B /* PBXContainerItemProxy */;
		};
/* End PBXTargetDependency section */

/* Begin PBXVariantGroup section */
		D7CC15C62AB9DB3500714E9B /* Main.storyboard */ = {
			isa = PBXVariantGroup;
			children = (
				D7CC15C72AB9DB3500714E9B /* Base */,
			);
			name = Main.storyboard;
			sourceTree = "<group>";
		};
		D7CC15CB2AB9DB3500714E9B /* LaunchScreen.storyboard */ = {
			isa = PBXVariantGroup;
			children = (
				D7CC15CC2AB9DB3500714E9B /* Base */,
			);
			name = LaunchScreen.storyboard;
			sourceTree = "<group>";
		};
/* End PBXVariantGroup section */

/* Begin XCBuildConfiguration section */
		D7CC15E52AB9DB3500714E9B /* Debug */ = {
			isa = XCBuildConfiguration;
			buildSettings = {
				ALWAYS_SEARCH_USER_PATHS = NO;
				CLANG_ANALYZER_NONNULL = YES;
				CLANG_ANALYZER_NUMBER_OBJECT_CONVERSION = YES_AGGRESSIVE;
				CLANG_CXX_LANGUAGE_STANDARD = "gnu++20";
				CLANG_ENABLE_MODULES = YES;
				CLANG_ENABLE_OBJC_ARC = YES;
				CLANG_ENABLE_OBJC_WEAK = YES;
				CLANG_WARN_BLOCK_CAPTURE_AUTORELEASING = YES;
				CLANG_WARN_BOOL_CONVERSION = YES;
				CLANG_WARN_COMMA = YES;
				CLANG_WARN_CONSTANT_CONVERSION = YES;
				CLANG_WARN_DEPRECATED_OBJC_IMPLEMENTATIONS = YES;
				CLANG_WARN_DIRECT_OBJC_ISA_USAGE = YES_ERROR;
				CLANG_WARN_DOCUMENTATION_COMMENTS = YES;
				CLANG_WARN_EMPTY_BODY = YES;
				CLANG_WARN_ENUM_CONVERSION = YES;
				CLANG_WARN_INFINITE_RECURSION = YES;
				CLANG_WARN_INT_CONVERSION = YES;
				CLANG_WARN_NON_LITERAL_NULL_CONVERSION = YES;
				CLANG_WARN_OBJC_IMPLICIT_RETAIN_SELF = YES;
				CLANG_WARN_OBJC_LITERAL_CONVERSION = YES;
				CLANG_WARN_OBJC_ROOT_CLASS = YES_ERROR;
				CLANG_WARN_QUOTED_INCLUDE_IN_FRAMEWORK_HEADER = YES;
				CLANG_WARN_RANGE_LOOP_ANALYSIS = YES;
				CLANG_WARN_STRICT_PROTOTYPES = YES;
				CLANG_WARN_SUSPICIOUS_MOVE = YES;
				CLANG_WARN_UNGUARDED_AVAILABILITY = YES_AGGRESSIVE;
				CLANG_WARN_UNREACHABLE_CODE = YES;
				CLANG_WARN__DUPLICATE_METHOD_MATCH = YES;
				COPY_PHASE_STRIP = NO;
				DEBUG_INFORMATION_FORMAT = dwarf;
				ENABLE_STRICT_OBJC_MSGSEND = YES;
				ENABLE_TESTABILITY = YES;
				GCC_C_LANGUAGE_STANDARD = gnu11;
				GCC_DYNAMIC_NO_PIC = NO;
				GCC_NO_COMMON_BLOCKS = YES;
				GCC_OPTIMIZATION_LEVEL = 0;
				GCC_PREPROCESSOR_DEFINITIONS = (
					"DEBUG=1",
					"$(inherited)",
				);
				GCC_WARN_64_TO_32_BIT_CONVERSION = YES;
				GCC_WARN_ABOUT_RETURN_TYPE = YES_ERROR;
				GCC_WARN_UNDECLARED_SELECTOR = YES;
				GCC_WARN_UNINITIALIZED_AUTOS = YES_AGGRESSIVE;
				GCC_WARN_UNUSED_FUNCTION = YES;
				GCC_WARN_UNUSED_VARIABLE = YES;
				IPHONEOS_DEPLOYMENT_TARGET = 16.2;
				MTL_ENABLE_DEBUG_INFO = INCLUDE_SOURCE;
				MTL_FAST_MATH = YES;
				ONLY_ACTIVE_ARCH = YES;
				SDKROOT = iphoneos;
				SWIFT_ACTIVE_COMPILATION_CONDITIONS = DEBUG;
				SWIFT_OPTIMIZATION_LEVEL = "-Onone";
			};
			name = Debug;
		};
		D7CC15E62AB9DB3500714E9B /* Release */ = {
			isa = XCBuildConfiguration;
			buildSettings = {
				ALWAYS_SEARCH_USER_PATHS = NO;
				CLANG_ANALYZER_NONNULL = YES;
				CLANG_ANALYZER_NUMBER_OBJECT_CONVERSION = YES_AGGRESSIVE;
				CLANG_CXX_LANGUAGE_STANDARD = "gnu++20";
				CLANG_ENABLE_MODULES = YES;
				CLANG_ENABLE_OBJC_ARC = YES;
				CLANG_ENABLE_OBJC_WEAK = YES;
				CLANG_WARN_BLOCK_CAPTURE_AUTORELEASING = YES;
				CLANG_WARN_BOOL_CONVERSION = YES;
				CLANG_WARN_COMMA = YES;
				CLANG_WARN_CONSTANT_CONVERSION = YES;
				CLANG_WARN_DEPRECATED_OBJC_IMPLEMENTATIONS = YES;
				CLANG_WARN_DIRECT_OBJC_ISA_USAGE = YES_ERROR;
				CLANG_WARN_DOCUMENTATION_COMMENTS = YES;
				CLANG_WARN_EMPTY_BODY = YES;
				CLANG_WARN_ENUM_CONVERSION = YES;
				CLANG_WARN_INFINITE_RECURSION = YES;
				CLANG_WARN_INT_CONVERSION = YES;
				CLANG_WARN_NON_LITERAL_NULL_CONVERSION = YES;
				CLANG_WARN_OBJC_IMPLICIT_RETAIN_SELF = YES;
				CLANG_WARN_OBJC_LITERAL_CONVERSION = YES;
				CLANG_WARN_OBJC_ROOT_CLASS = YES_ERROR;
				CLANG_WARN_QUOTED_INCLUDE_IN_FRAMEWORK_HEADER = YES;
				CLANG_WARN_RANGE_LOOP_ANALYSIS = YES;
				CLANG_WARN_STRICT_PROTOTYPES = YES;
				CLANG_WARN_SUSPICIOUS_MOVE = YES;
				CLANG_WARN_UNGUARDED_AVAILABILITY = YES_AGGRESSIVE;
				CLANG_WARN_UNREACHABLE_CODE = YES;
				CLANG_WARN__DUPLICATE_METHOD_MATCH = YES;
				COPY_PHASE_STRIP = NO;
				DEBUG_INFORMATION_FORMAT = "dwarf-with-dsym";
				ENABLE_NS_ASSERTIONS = NO;
				ENABLE_STRICT_OBJC_MSGSEND = YES;
				GCC_C_LANGUAGE_STANDARD = gnu11;
				GCC_NO_COMMON_BLOCKS = YES;
				GCC_WARN_64_TO_32_BIT_CONVERSION = YES;
				GCC_WARN_ABOUT_RETURN_TYPE = YES_ERROR;
				GCC_WARN_UNDECLARED_SELECTOR = YES;
				GCC_WARN_UNINITIALIZED_AUTOS = YES_AGGRESSIVE;
				GCC_WARN_UNUSED_FUNCTION = YES;
				GCC_WARN_UNUSED_VARIABLE = YES;
				IPHONEOS_DEPLOYMENT_TARGET = 16.2;
				MTL_ENABLE_DEBUG_INFO = NO;
				MTL_FAST_MATH = YES;
				SDKROOT = iphoneos;
				SWIFT_COMPILATION_MODE = wholemodule;
				SWIFT_OPTIMIZATION_LEVEL = "-O";
				VALIDATE_PRODUCT = YES;
			};
			name = Release;
		};
		D7CC15E82AB9DB3500714E9B /* Debug */ = {
			isa = XCBuildConfiguration;
			buildSettings = {
				ASSETCATALOG_COMPILER_APPICON_NAME = AppIcon;
				ASSETCATALOG_COMPILER_GLOBAL_ACCENT_COLOR_NAME = AccentColor;
				CODE_SIGN_STYLE = Automatic;
				CURRENT_PROJECT_VERSION = 1;
				GENERATE_INFOPLIST_FILE = YES;
				INFOPLIST_FILE = CountMate/Info.plist;
				INFOPLIST_KEY_UIApplicationSupportsIndirectInputEvents = YES;
				INFOPLIST_KEY_UILaunchStoryboardName = LaunchScreen;
				INFOPLIST_KEY_UIMainStoryboardFile = Main;
				INFOPLIST_KEY_UISupportedInterfaceOrientations_iPad = "UIInterfaceOrientationPortrait UIInterfaceOrientationPortraitUpsideDown UIInterfaceOrientationLandscapeLeft UIInterfaceOrientationLandscapeRight";
				INFOPLIST_KEY_UISupportedInterfaceOrientations_iPhone = "UIInterfaceOrientationPortrait UIInterfaceOrientationLandscapeLeft UIInterfaceOrientationLandscapeRight";
				LD_RUNPATH_SEARCH_PATHS = (
					"$(inherited)",
					"@executable_path/Frameworks",
				);
				MARKETING_VERSION = 1.0;
				PRODUCT_BUNDLE_IDENTIFIER = com.conestoga.CountMate;
				PRODUCT_NAME = "$(TARGET_NAME)";
				SWIFT_EMIT_LOC_STRINGS = YES;
				SWIFT_VERSION = 5.0;
				TARGETED_DEVICE_FAMILY = "1,2";
			};
			name = Debug;
		};
		D7CC15E92AB9DB3500714E9B /* Release */ = {
			isa = XCBuildConfiguration;
			buildSettings = {
				ASSETCATALOG_COMPILER_APPICON_NAME = AppIcon;
				ASSETCATALOG_COMPILER_GLOBAL_ACCENT_COLOR_NAME = AccentColor;
				CODE_SIGN_STYLE = Automatic;
				CURRENT_PROJECT_VERSION = 1;
				GENERATE_INFOPLIST_FILE = YES;
				INFOPLIST_FILE = CountMate/Info.plist;
				INFOPLIST_KEY_UIApplicationSupportsIndirectInputEvents = YES;
				INFOPLIST_KEY_UILaunchStoryboardName = LaunchScreen;
				INFOPLIST_KEY_UIMainStoryboardFile = Main;
				INFOPLIST_KEY_UISupportedInterfaceOrientations_iPad = "UIInterfaceOrientationPortrait UIInterfaceOrientationPortraitUpsideDown UIInterfaceOrientationLandscapeLeft UIInterfaceOrientationLandscapeRight";
				INFOPLIST_KEY_UISupportedInterfaceOrientations_iPhone = "UIInterfaceOrientationPortrait UIInterfaceOrientationLandscapeLeft UIInterfaceOrientationLandscapeRight";
				LD_RUNPATH_SEARCH_PATHS = (
					"$(inherited)",
					"@executable_path/Frameworks",
				);
				MARKETING_VERSION = 1.0;
				PRODUCT_BUNDLE_IDENTIFIER = com.conestoga.CountMate;
				PRODUCT_NAME = "$(TARGET_NAME)";
				SWIFT_EMIT_LOC_STRINGS = YES;
				SWIFT_VERSION = 5.0;
				TARGETED_DEVICE_FAMILY = "1,2";
			};
			name = Release;
		};
		D7CC15EB2AB9DB3500714E9B /* Debug */ = {
			isa = XCBuildConfiguration;
			buildSettings = {
				ALWAYS_EMBED_SWIFT_STANDARD_LIBRARIES = YES;
				BUNDLE_LOADER = "$(TEST_HOST)";
				CODE_SIGN_STYLE = Automatic;
				CURRENT_PROJECT_VERSION = 1;
				GENERATE_INFOPLIST_FILE = YES;
				IPHONEOS_DEPLOYMENT_TARGET = 16.2;
				MARKETING_VERSION = 1.0;
				PRODUCT_BUNDLE_IDENTIFIER = com.conestoga.CountMateTests;
				PRODUCT_NAME = "$(TARGET_NAME)";
				SWIFT_EMIT_LOC_STRINGS = NO;
				SWIFT_VERSION = 5.0;
				TARGETED_DEVICE_FAMILY = "1,2";
				TEST_HOST = "$(BUILT_PRODUCTS_DIR)/CountMate.app/$(BUNDLE_EXECUTABLE_FOLDER_PATH)/CountMate";
			};
			name = Debug;
		};
		D7CC15EC2AB9DB3500714E9B /* Release */ = {
			isa = XCBuildConfiguration;
			buildSettings = {
				ALWAYS_EMBED_SWIFT_STANDARD_LIBRARIES = YES;
				BUNDLE_LOADER = "$(TEST_HOST)";
				CODE_SIGN_STYLE = Automatic;
				CURRENT_PROJECT_VERSION = 1;
				GENERATE_INFOPLIST_FILE = YES;
				IPHONEOS_DEPLOYMENT_TARGET = 16.2;
				MARKETING_VERSION = 1.0;
				PRODUCT_BUNDLE_IDENTIFIER = com.conestoga.CountMateTests;
				PRODUCT_NAME = "$(TARGET_NAME)";
				SWIFT_EMIT_LOC_STRINGS = NO;
				SWIFT_VERSION = 5.0;
				TARGETED_DEVICE_FAMILY = "1,2";
				TEST_HOST = "$(BUILT_PRODUCTS_DIR)/CountMate.app/$(BUNDLE_EXECUTABLE_FOLDER_PATH)/CountMate";
			};
			name = Release;
		};
		D7CC15EE2AB9DB3500714E9B /* Debug */ = {
			isa = XCBuildConfiguration;
			buildSettings = {
				ALWAYS_EMBED_SWIFT_STANDARD_LIBRARIES = YES;
				CODE_SIGN_STYLE = Automatic;
				CURRENT_PROJECT_VERSION = 1;
				GENERATE_INFOPLIST_FILE = YES;
				MARKETING_VERSION = 1.0;
				PRODUCT_BUNDLE_IDENTIFIER = com.conestoga.CountMateUITests;
				PRODUCT_NAME = "$(TARGET_NAME)";
				SWIFT_EMIT_LOC_STRINGS = NO;
				SWIFT_VERSION = 5.0;
				TARGETED_DEVICE_FAMILY = "1,2";
				TEST_TARGET_NAME = CountMate;
			};
			name = Debug;
		};
		D7CC15EF2AB9DB3500714E9B /* Release */ = {
			isa = XCBuildConfiguration;
			buildSettings = {
				ALWAYS_EMBED_SWIFT_STANDARD_LIBRARIES = YES;
				CODE_SIGN_STYLE = Automatic;
				CURRENT_PROJECT_VERSION = 1;
				GENERATE_INFOPLIST_FILE = YES;
				MARKETING_VERSION = 1.0;
				PRODUCT_BUNDLE_IDENTIFIER = com.conestoga.CountMateUITests;
				PRODUCT_NAME = "$(TARGET_NAME)";
				SWIFT_EMIT_LOC_STRINGS = NO;
				SWIFT_VERSION = 5.0;
				TARGETED_DEVICE_FAMILY = "1,2";
				TEST_TARGET_NAME = CountMate;
			};
			name = Release;
		};
/* End XCBuildConfiguration section */

/* Begin XCConfigurationList section */
		D7CC15B82AB9DB3500714E9B /* Build configuration list for PBXProject "CountMate" */ = {
			isa = XCConfigurationList;
			buildConfigurations = (
				D7CC15E52AB9DB3500714E9B /* Debug */,
				D7CC15E62AB9DB3500714E9B /* Release */,
			);
			defaultConfigurationIsVisible = 0;
			defaultConfigurationName = Release;
		};
		D7CC15E72AB9DB3500714E9B /* Build configuration list for PBXNativeTarget "CountMate" */ = {
			isa = XCConfigurationList;
			buildConfigurations = (
				D7CC15E82AB9DB3500714E9B /* Debug */,
				D7CC15E92AB9DB3500714E9B /* Release */,
			);
			defaultConfigurationIsVisible = 0;
			defaultConfigurationName = Release;
		};
		D7CC15EA2AB9DB3500714E9B /* Build configuration list for PBXNativeTarget "CountMateTests" */ = {
			isa = XCConfigurationList;
			buildConfigurations = (
				D7CC15EB2AB9DB3500714E9B /* Debug */,
				D7CC15EC2AB9DB3500714E9B /* Release */,
			);
			defaultConfigurationIsVisible = 0;
			defaultConfigurationName = Release;
		};
		D7CC15ED2AB9DB3500714E9B /* Build configuration list for PBXNativeTarget "CountMateUITests" */ = {
			isa = XCConfigurationList;
			buildConfigurations = (
				D7CC15EE2AB9DB3500714E9B /* Debug */,
				D7CC15EF2AB9DB3500714E9B /* Release */,
			);
			defaultConfigurationIsVisible = 0;
			defaultConfigurationName = Release;
		};
/* End XCConfigurationList section */
	};
	rootObject = D7CC15B52AB9DB3500714E9B /* Project object */;
}
